# This file is automatically @generated by Cargo.
# It is not intended for manual editing.
version = 3

[[package]]
name = "rush-cli"
version = "0.1.0"

[[package]]
name = "rush-core"
version = "0.1.0"

[[package]]
name = "rush-parser"
version = "0.1.0"

[[package]]
name = "rush-sdk"
version = "0.1.0"

[[package]]
name = "rush-svm"
version = "0.1.0"

[[package]]
name = "rush-visor"
version = "0.1.0"
